
Microsoft Visual Studio Solution File, Format Version 12.00
# Visual Studio Version 17
VisualStudioVersion = 17.9.34723.18
MinimumVisualStudioVersion = 10.0.40219.1
Project("{FAE04EC0-301F-11D3-BF4B-00C04F79EFBC}") = "ChessBoardGame", "ChessBoardGame\ChessBoardGame.csproj", "{F91BBB5B-DE39-469C-8C44-88201A8A1749}"
EndProject
Project("{FAE04EC0-301F-11D3-BF4B-00C04F79EFBC}") = "ChessBoardInterfaces", "ChessBoardInterfaces\ChessBoardInterfaces.csproj", "{581D457F-277D-44EB-94FD-D9ECD221F101}"
EndProject
Global
	GlobalSection(SolutionConfigurationPlatforms) = preSolution
		Debug|Any CPU = Debug|Any CPU
		Release|Any CPU = Release|Any CPU
	EndGlobalSection
	GlobalSection(ProjectConfigurationPlatforms) = postSolution
		{F91BBB5B-DE39-469C-8C44-88201A8A1749}.Debug|Any CPU.ActiveCfg = Debug|Any CPU
		{F91BBB5B-DE39-469C-8C44-88201A8A1749}.Debug|Any CPU.Build.0 = Debug|Any CPU
		{F91BBB5B-DE39-469C-8C44-88201A8A1749}.Release|Any CPU.ActiveCfg = Release|Any CPU
		{F91BBB5B-DE39-469C-8C44-88201A8A1749}.Release|Any CPU.Build.0 = Release|Any CPU
		{581D457F-277D-44EB-94FD-D9ECD221F101}.Debug|Any CPU.ActiveCfg = Debug|Any CPU
		{581D457F-277D-44EB-94FD-D9ECD221F101}.Debug|Any CPU.Build.0 = Debug|Any CPU
		{581D457F-277D-44EB-94FD-D9ECD221F101}.Release|Any CPU.ActiveCfg = Release|Any CPU
		{581D457F-277D-44EB-94FD-D9ECD221F101}.Release|Any CPU.Build.0 = Release|Any CPU
	EndGlobalSection
	GlobalSection(SolutionProperties) = preSolution
		HideSolutionNode = FALSE
	EndGlobalSection
	GlobalSection(ExtensibilityGlobals) = postSolution
		SolutionGuid = {B03B3570-1719-4313-BF13-ACE4EC3C3672}
	EndGlobalSection
EndGlobal
